
Microsoft Visual Studio Solution File, Format Version 12.00
# Visual Studio Version 17
VisualStudioVersion = 17.14.36408.4 d17.14
MinimumVisualStudioVersion = 10.0.40219.1
Project("{FAE04EC0-301F-11D3-BF4B-00C04F79EFBC}") = "Day02MvcDemo", "Day02MvcDemo\Day02MvcDemo.csproj", "{AA87364D-F8A1-406A-94B0-449AF36511DB}"
EndProject
Global
	GlobalSection(SolutionConfigurationPlatforms) = preSolution
		Debug|Any CPU = Debug|Any CPU
		Release|Any CPU = Release|Any CPU
	EndGlobalSection
	GlobalSection(ProjectConfigurationPlatforms) = postSolution
		{AA87364D-F8A1-406A-94B0-449AF36511DB}.Debug|Any CPU.ActiveCfg = Debug|Any CPU
		{AA87364D-F8A1-406A-94B0-449AF36511DB}.Debug|Any CPU.Build.0 = Debug|Any CPU
		{AA87364D-F8A1-406A-94B0-449AF36511DB}.Release|Any CPU.ActiveCfg = Release|Any CPU
		{AA87364D-F8A1-406A-94B0-449AF36511DB}.Release|Any CPU.Build.0 = Release|Any CPU
	EndGlobalSection
	GlobalSection(SolutionProperties) = preSolution
		HideSolutionNode = FALSE
	EndGlobalSection
	GlobalSection(ExtensibilityGlobals) = postSolution
		SolutionGuid = {5F25A9FE-F55B-4ABA-B026-5ACA8C65F63E}
	EndGlobalSection
EndGlobal
